
Microsoft Visual Studio Solution File, Format Version 12.00
# Visual Studio Version 16
VisualStudioVersion = 16.0.31005.135
MinimumVisualStudioVersion = 10.0.40219.1
Project("{FAE04EC0-301F-11D3-BF4B-00C04F79EFBC}") = "TankioServer", "TankioServer.csproj", "{A644D592-27D7-4291-8734-446DECE60988}"
EndProject
Global
	GlobalSection(SolutionConfigurationPlatforms) = preSolution
		Debug|Any CPU = Debug|Any CPU
		Release|Any CPU = Release|Any CPU
	EndGlobalSection
	GlobalSection(ProjectConfigurationPlatforms) = postSolution
		{A644D592-27D7-4291-8734-446DECE60988}.Debug|Any CPU.ActiveCfg = Debug|Any CPU
		{A644D592-27D7-4291-8734-446DECE60988}.Debug|Any CPU.Build.0 = Debug|Any CPU
		{A644D592-27D7-4291-8734-446DECE60988}.Release|Any CPU.ActiveCfg = Release|Any CPU
		{A644D592-27D7-4291-8734-446DECE60988}.Release|Any CPU.Build.0 = Release|Any CPU
	EndGlobalSection
	GlobalSection(SolutionProperties) = preSolution
		HideSolutionNode = FALSE
	EndGlobalSection
	GlobalSection(ExtensibilityGlobals) = postSolution
		SolutionGuid = {30F9272A-4334-4A31-B761-14E63232747F}
	EndGlobalSection
EndGlobal
